
Microsoft Visual Studio Solution File, Format Version 12.00
# Visual Studio 2012
Project("{FAE04EC0-301F-11D3-BF4B-00C04F79EFBC}") = "ControlesComunes", "ControlesComunes.csproj", "{36942BDE-C5EC-4ECB-B5A8-D541B70E1319}"
EndProject
Global
	GlobalSection(SubversionScc) = preSolution
		Svn-Managed = True
		Manager = AnkhSVN - Subversion Support for Visual Studio
	EndGlobalSection
	GlobalSection(SolutionConfigurationPlatforms) = preSolution
		Debug|Any CPU = Debug|Any CPU
		Debug|Itanium = Debug|Itanium
		Debug|Mixed Platforms = Debug|Mixed Platforms
		Debug|x64 = Debug|x64
		Debug|x86 = Debug|x86
		Development|Any CPU = Development|Any CPU
		Development|Itanium = Development|Itanium
		Development|Mixed Platforms = Development|Mixed Platforms
		Development|x64 = Development|x64
		Development|x86 = Development|x86
		Release|Any CPU = Release|Any CPU
		Release|Itanium = Release|Itanium
		Release|Mixed Platforms = Release|Mixed Platforms
		Release|x64 = Release|x64
		Release|x86 = Release|x86
	EndGlobalSection
	GlobalSection(ProjectConfigurationPlatforms) = postSolution
		{36942BDE-C5EC-4ECB-B5A8-D541B70E1319}.Debug|Any CPU.ActiveCfg = Debug|Any CPU
		{36942BDE-C5EC-4ECB-B5A8-D541B70E1319}.Debug|Any CPU.Build.0 = Debug|Any CPU
		{36942BDE-C5EC-4ECB-B5A8-D541B70E1319}.Debug|Itanium.ActiveCfg = Debug|Any CPU
		{36942BDE-C5EC-4ECB-B5A8-D541B70E1319}.Debug|Mixed Platforms.ActiveCfg = Debug|Any CPU
		{36942BDE-C5EC-4ECB-B5A8-D541B70E1319}.Debug|Mixed Platforms.Build.0 = Debug|Any CPU
		{36942BDE-C5EC-4ECB-B5A8-D541B70E1319}.Debug|x64.ActiveCfg = Debug|Any CPU
		{36942BDE-C5EC-4ECB-B5A8-D541B70E1319}.Debug|x86.ActiveCfg = Debug|Any CPU
		{36942BDE-C5EC-4ECB-B5A8-D541B70E1319}.Development|Any CPU.ActiveCfg = Debug|Any CPU
		{36942BDE-C5EC-4ECB-B5A8-D541B70E1319}.Development|Any CPU.Build.0 = Debug|Any CPU
		{36942BDE-C5EC-4ECB-B5A8-D541B70E1319}.Development|Itanium.ActiveCfg = Debug|Any CPU
		{36942BDE-C5EC-4ECB-B5A8-D541B70E1319}.Development|Mixed Platforms.ActiveCfg = Debug|Any CPU
		{36942BDE-C5EC-4ECB-B5A8-D541B70E1319}.Development|Mixed Platforms.Build.0 = Debug|Any CPU
		{36942BDE-C5EC-4ECB-B5A8-D541B70E1319}.Development|x64.ActiveCfg = Debug|Any CPU
		{36942BDE-C5EC-4ECB-B5A8-D541B70E1319}.Development|x86.ActiveCfg = Debug|Any CPU
		{36942BDE-C5EC-4ECB-B5A8-D541B70E1319}.Release|Any CPU.ActiveCfg = Release|Any CPU
		{36942BDE-C5EC-4ECB-B5A8-D541B70E1319}.Release|Any CPU.Build.0 = Release|Any CPU
		{36942BDE-C5EC-4ECB-B5A8-D541B70E1319}.Release|Itanium.ActiveCfg = Release|Any CPU
		{36942BDE-C5EC-4ECB-B5A8-D541B70E1319}.Release|Mixed Platforms.ActiveCfg = Release|Any CPU
		{36942BDE-C5EC-4ECB-B5A8-D541B70E1319}.Release|Mixed Platforms.Build.0 = Release|Any CPU
		{36942BDE-C5EC-4ECB-B5A8-D541B70E1319}.Release|x64.ActiveCfg = Release|Any CPU
		{36942BDE-C5EC-4ECB-B5A8-D541B70E1319}.Release|x86.ActiveCfg = Release|Any CPU
	EndGlobalSection
	GlobalSection(SolutionProperties) = preSolution
		HideSolutionNode = FALSE
	EndGlobalSection
EndGlobal
